
Microsoft Visual Studio Solution File, Format Version 12.00
# Visual Studio 14
VisualStudioVersion = 14.0.24720.0
MinimumVisualStudioVersion = 10.0.40219.1
Project("{8BC9CEB8-8B4A-11D0-8D11-00A0C91BC942}") = "Base Tree Travesal", "Test\Test.vcxproj", "{AA5BD2B2-8036-4A2E-ABF1-1445681DAA7D}"
EndProject
Project("{8BC9CEB8-8B4A-11D0-8D11-00A0C91BC942}") = "MaxOfK", "MaxOfK\MaxOfK.vcxproj", "{4041D686-BFAF-48C6-AF47-10427EC8B023}"
EndProject
Project("{8BC9CEB8-8B4A-11D0-8D11-00A0C91BC942}") = "TreeTraversal", "TreeTraversal\TreeTraversal.vcxproj", "{04E7A830-BA5C-4740-9440-F67A7541C6B9}"
EndProject
Project("{8BC9CEB8-8B4A-11D0-8D11-00A0C91BC942}") = "StrSearchC++", "StrSearchC++\StrSearchC++.vcxproj", "{B6FF5E1A-9701-4F40-BAA4-0A1CDFB85A31}"
EndProject
Project("{2150E333-8FDC-42A3-9474-1A3956D46DE8}") = ".nuget", ".nuget", "{C467D5A8-F6C2-42FB-BCFC-D2F9CEBBF564}"
	ProjectSection(SolutionItems) = preProject
		.nuget\NuGet.Config = .nuget\NuGet.Config
		.nuget\NuGet.exe = .nuget\NuGet.exe
		.nuget\NuGet.targets = .nuget\NuGet.targets
	EndProjectSection
EndProject
Project("{8BC9CEB8-8B4A-11D0-8D11-00A0C91BC942}") = "Heaps", "Heaps\Heaps.vcxproj", "{9C253BFB-08FF-4D8C-A298-9BAE5D3E74A7}"
EndProject
Project("{8BC9CEB8-8B4A-11D0-8D11-00A0C91BC942}") = "HeapAsArray", "Project1\Project1.vcxproj", "{239BD2FB-EA6D-4A29-8F70-F1AAA9F26AEF}"
EndProject
Project("{FAE04EC0-301F-11D3-BF4B-00C04F79EFBC}") = "SnakesnLadders", "SnakesnLadders\SnakesnLadders.csproj", "{6B25C759-C7B1-4D0C-AC0D-6CB4FF26E7BA}"
EndProject
Project("{FAE04EC0-301F-11D3-BF4B-00C04F79EFBC}") = "OOPs", "OOPs\OOPs.csproj", "{C6446588-8317-4F76-AEAA-791A807100C3}"
EndProject
Project("{8BC9CEB8-8B4A-11D0-8D11-00A0C91BC942}") = "Singleton", "Singleton\Singleton.vcxproj", "{B389B731-3572-46B8-8D69-D07F8601747D}"
EndProject
Project("{FAE04EC0-301F-11D3-BF4B-00C04F79EFBC}") = "SingletonCSharp", "SingletonCSharp\SingletonCSharp.csproj", "{1B4F5ECC-E56A-44E1-98A0-3E975B87289B}"
EndProject
Project("{8BC9CEB8-8B4A-11D0-8D11-00A0C91BC942}") = "KthSmallest", "KthSmallest\KthSmallest.vcxproj", "{10CACB0D-DF92-4F63-A759-79D6FD9D3763}"
EndProject
Project("{8BC9CEB8-8B4A-11D0-8D11-00A0C91BC942}") = "OrderOfStatistics", "OrderOfStatistics\OrderOfStatistics.vcxproj", "{8E18C2DD-6F55-40D3-AFDC-545D092B9785}"
EndProject
Project("{8BC9CEB8-8B4A-11D0-8D11-00A0C91BC942}") = "QuickSort", "QuickSort\QuickSort.vcxproj", "{CB76FC9F-0F11-47EB-931D-C4C06C18928A}"
EndProject
Project("{8BC9CEB8-8B4A-11D0-8D11-00A0C91BC942}") = "BST", "BST\BST.vcxproj", "{478847E6-ABD1-4877-8FF2-1A55D6140DFF}"
EndProject
Project("{8BC9CEB8-8B4A-11D0-8D11-00A0C91BC942}") = "PascalTriangle", "PascalTriangle\PascalTriangle.vcxproj", "{742DD7B2-5F0E-4D85-BC75-0979AAC462E6}"
EndProject
Project("{8BC9CEB8-8B4A-11D0-8D11-00A0C91BC942}") = "ExecuteBase", "ExecuteBase\ExecuteBase.vcxproj", "{747AA581-7E3F-4A82-8E89-64C1C70C2302}"
EndProject
Project("{8BC9CEB8-8B4A-11D0-8D11-00A0C91BC942}") = "Utils", "Utils\Utils.vcxproj", "{1B03BA92-144F-45DB-8B73-13CD0B331659}"
EndProject
Project("{8BC9CEB8-8B4A-11D0-8D11-00A0C91BC942}") = "TestApp", "TestApp\TestApp.vcxproj", "{3C7AC5E6-61AA-4817-93E2-5F6CAFC41262}"
EndProject
Project("{8BC9CEB8-8B4A-11D0-8D11-00A0C91BC942}") = "Bits", "Bits\Bits.vcxproj", "{EBD3B030-432A-4871-B858-079E00B4E2CA}"
EndProject
Project("{8BC9CEB8-8B4A-11D0-8D11-00A0C91BC942}") = "BFSShortest", "BFSShortest\BFSShortest.vcxproj", "{00F5CE67-BE78-4EED-86CA-4C8864A2AEAB}"
EndProject
Project("{8BC9CEB8-8B4A-11D0-8D11-00A0C91BC942}") = "IntReverse", "IntReverse\IntReverse.vcxproj", "{327FCFC4-3150-4D00-A51D-D3A2506E5C13}"
EndProject
Project("{8BC9CEB8-8B4A-11D0-8D11-00A0C91BC942}") = "StringSort", "StringSort\StringSort.vcxproj", "{3A5C98B4-7719-46C5-90CA-B4CA7C6F8C05}"
EndProject
Project("{FAE04EC0-301F-11D3-BF4B-00C04F79EFBC}") = "DuplicateNumber", "DuplicateNumber\DuplicateNumber.csproj", "{5BC4C52D-6A32-42A1-A7B9-CBCD9635AC23}"
EndProject
Project("{FAE04EC0-301F-11D3-BF4B-00C04F79EFBC}") = "MatrixRotation", "MatrixRotation\MatrixRotation.csproj", "{38F68E3A-908C-4F9B-8602-CF1659C41BB3}"
EndProject
Project("{8BC9CEB8-8B4A-11D0-8D11-00A0C91BC942}") = "CoinChange", "CoinChange\CoinChange.vcxproj", "{D53CAEBA-1505-4523-AB99-C7382B1E686D}"
EndProject
Global
	GlobalSection(SolutionConfigurationPlatforms) = preSolution
		Debug|Any CPU = Debug|Any CPU
		Debug|Mixed Platforms = Debug|Mixed Platforms
		Debug|Win32 = Debug|Win32
		Debug|x64 = Debug|x64
		Release|Any CPU = Release|Any CPU
		Release|Mixed Platforms = Release|Mixed Platforms
		Release|Win32 = Release|Win32
		Release|x64 = Release|x64
	EndGlobalSection
	GlobalSection(ProjectConfigurationPlatforms) = postSolution
		{AA5BD2B2-8036-4A2E-ABF1-1445681DAA7D}.Debug|Any CPU.ActiveCfg = Debug|Win32
		{AA5BD2B2-8036-4A2E-ABF1-1445681DAA7D}.Debug|Mixed Platforms.ActiveCfg = Debug|Win32
		{AA5BD2B2-8036-4A2E-ABF1-1445681DAA7D}.Debug|Mixed Platforms.Build.0 = Debug|Win32
		{AA5BD2B2-8036-4A2E-ABF1-1445681DAA7D}.Debug|Win32.ActiveCfg = Debug|Win32
		{AA5BD2B2-8036-4A2E-ABF1-1445681DAA7D}.Debug|Win32.Build.0 = Debug|Win32
		{AA5BD2B2-8036-4A2E-ABF1-1445681DAA7D}.Debug|x64.ActiveCfg = Debug|Win32
		{AA5BD2B2-8036-4A2E-ABF1-1445681DAA7D}.Release|Any CPU.ActiveCfg = Release|Win32
		{AA5BD2B2-8036-4A2E-ABF1-1445681DAA7D}.Release|Mixed Platforms.ActiveCfg = Release|Win32
		{AA5BD2B2-8036-4A2E-ABF1-1445681DAA7D}.Release|Mixed Platforms.Build.0 = Release|Win32
		{AA5BD2B2-8036-4A2E-ABF1-1445681DAA7D}.Release|Win32.ActiveCfg = Release|Win32
		{AA5BD2B2-8036-4A2E-ABF1-1445681DAA7D}.Release|Win32.Build.0 = Release|Win32
		{AA5BD2B2-8036-4A2E-ABF1-1445681DAA7D}.Release|x64.ActiveCfg = Release|Win32
		{4041D686-BFAF-48C6-AF47-10427EC8B023}.Debug|Any CPU.ActiveCfg = Debug|Win32
		{4041D686-BFAF-48C6-AF47-10427EC8B023}.Debug|Mixed Platforms.ActiveCfg = Debug|Win32
		{4041D686-BFAF-48C6-AF47-10427EC8B023}.Debug|Mixed Platforms.Build.0 = Debug|Win32
		{4041D686-BFAF-48C6-AF47-10427EC8B023}.Debug|Win32.ActiveCfg = Debug|Win32
		{4041D686-BFAF-48C6-AF47-10427EC8B023}.Debug|Win32.Build.0 = Debug|Win32
		{4041D686-BFAF-48C6-AF47-10427EC8B023}.Debug|x64.ActiveCfg = Debug|Win32
		{4041D686-BFAF-48C6-AF47-10427EC8B023}.Release|Any CPU.ActiveCfg = Release|Win32
		{4041D686-BFAF-48C6-AF47-10427EC8B023}.Release|Mixed Platforms.ActiveCfg = Release|Win32
		{4041D686-BFAF-48C6-AF47-10427EC8B023}.Release|Mixed Platforms.Build.0 = Release|Win32
		{4041D686-BFAF-48C6-AF47-10427EC8B023}.Release|Win32.ActiveCfg = Release|Win32
		{4041D686-BFAF-48C6-AF47-10427EC8B023}.Release|Win32.Build.0 = Release|Win32
		{4041D686-BFAF-48C6-AF47-10427EC8B023}.Release|x64.ActiveCfg = Release|Win32
		{04E7A830-BA5C-4740-9440-F67A7541C6B9}.Debug|Any CPU.ActiveCfg = Debug|Win32
		{04E7A830-BA5C-4740-9440-F67A7541C6B9}.Debug|Mixed Platforms.ActiveCfg = Debug|Win32
		{04E7A830-BA5C-4740-9440-F67A7541C6B9}.Debug|Mixed Platforms.Build.0 = Debug|Win32
		{04E7A830-BA5C-4740-9440-F67A7541C6B9}.Debug|Win32.ActiveCfg = Debug|Win32
		{04E7A830-BA5C-4740-9440-F67A7541C6B9}.Debug|Win32.Build.0 = Debug|Win32
		{04E7A830-BA5C-4740-9440-F67A7541C6B9}.Debug|x64.ActiveCfg = Debug|Win32
		{04E7A830-BA5C-4740-9440-F67A7541C6B9}.Release|Any CPU.ActiveCfg = Release|Win32
		{04E7A830-BA5C-4740-9440-F67A7541C6B9}.Release|Mixed Platforms.ActiveCfg = Release|Win32
		{04E7A830-BA5C-4740-9440-F67A7541C6B9}.Release|Mixed Platforms.Build.0 = Release|Win32
		{04E7A830-BA5C-4740-9440-F67A7541C6B9}.Release|Win32.ActiveCfg = Release|Win32
		{04E7A830-BA5C-4740-9440-F67A7541C6B9}.Release|Win32.Build.0 = Release|Win32
		{04E7A830-BA5C-4740-9440-F67A7541C6B9}.Release|x64.ActiveCfg = Release|Win32
		{B6FF5E1A-9701-4F40-BAA4-0A1CDFB85A31}.Debug|Any CPU.ActiveCfg = Debug|Win32
		{B6FF5E1A-9701-4F40-BAA4-0A1CDFB85A31}.Debug|Mixed Platforms.ActiveCfg = Debug|Win32
		{B6FF5E1A-9701-4F40-BAA4-0A1CDFB85A31}.Debug|Mixed Platforms.Build.0 = Debug|Win32
		{B6FF5E1A-9701-4F40-BAA4-0A1CDFB85A31}.Debug|Win32.ActiveCfg = Debug|Win32
		{B6FF5E1A-9701-4F40-BAA4-0A1CDFB85A31}.Debug|Win32.Build.0 = Debug|Win32
		{B6FF5E1A-9701-4F40-BAA4-0A1CDFB85A31}.Debug|x64.ActiveCfg = Debug|Win32
		{B6FF5E1A-9701-4F40-BAA4-0A1CDFB85A31}.Release|Any CPU.ActiveCfg = Release|Win32
		{B6FF5E1A-9701-4F40-BAA4-0A1CDFB85A31}.Release|Mixed Platforms.ActiveCfg = Release|Win32
		{B6FF5E1A-9701-4F40-BAA4-0A1CDFB85A31}.Release|Mixed Platforms.Build.0 = Release|Win32
		{B6FF5E1A-9701-4F40-BAA4-0A1CDFB85A31}.Release|Win32.ActiveCfg = Release|Win32
		{B6FF5E1A-9701-4F40-BAA4-0A1CDFB85A31}.Release|Win32.Build.0 = Release|Win32
		{B6FF5E1A-9701-4F40-BAA4-0A1CDFB85A31}.Release|x64.ActiveCfg = Release|Win32
		{9C253BFB-08FF-4D8C-A298-9BAE5D3E74A7}.Debug|Any CPU.ActiveCfg = Debug|Win32
		{9C253BFB-08FF-4D8C-A298-9BAE5D3E74A7}.Debug|Mixed Platforms.ActiveCfg = Debug|Win32
		{9C253BFB-08FF-4D8C-A298-9BAE5D3E74A7}.Debug|Mixed Platforms.Build.0 = Debug|Win32
		{9C253BFB-08FF-4D8C-A298-9BAE5D3E74A7}.Debug|Win32.ActiveCfg = Debug|Win32
		{9C253BFB-08FF-4D8C-A298-9BAE5D3E74A7}.Debug|Win32.Build.0 = Debug|Win32
		{9C253BFB-08FF-4D8C-A298-9BAE5D3E74A7}.Debug|x64.ActiveCfg = Debug|Win32
		{9C253BFB-08FF-4D8C-A298-9BAE5D3E74A7}.Release|Any CPU.ActiveCfg = Release|Win32
		{9C253BFB-08FF-4D8C-A298-9BAE5D3E74A7}.Release|Mixed Platforms.ActiveCfg = Release|Win32
		{9C253BFB-08FF-4D8C-A298-9BAE5D3E74A7}.Release|Mixed Platforms.Build.0 = Release|Win32
		{9C253BFB-08FF-4D8C-A298-9BAE5D3E74A7}.Release|Win32.ActiveCfg = Release|Win32
		{9C253BFB-08FF-4D8C-A298-9BAE5D3E74A7}.Release|Win32.Build.0 = Release|Win32
		{9C253BFB-08FF-4D8C-A298-9BAE5D3E74A7}.Release|x64.ActiveCfg = Release|Win32
		{239BD2FB-EA6D-4A29-8F70-F1AAA9F26AEF}.Debug|Any CPU.ActiveCfg = Debug|Win32
		{239BD2FB-EA6D-4A29-8F70-F1AAA9F26AEF}.Debug|Mixed Platforms.ActiveCfg = Debug|Win32
		{239BD2FB-EA6D-4A29-8F70-F1AAA9F26AEF}.Debug|Mixed Platforms.Build.0 = Debug|Win32
		{239BD2FB-EA6D-4A29-8F70-F1AAA9F26AEF}.Debug|Win32.ActiveCfg = Debug|Win32
		{239BD2FB-EA6D-4A29-8F70-F1AAA9F26AEF}.Debug|Win32.Build.0 = Debug|Win32
		{239BD2FB-EA6D-4A29-8F70-F1AAA9F26AEF}.Debug|x64.ActiveCfg = Debug|Win32
		{239BD2FB-EA6D-4A29-8F70-F1AAA9F26AEF}.Release|Any CPU.ActiveCfg = Release|Win32
		{239BD2FB-EA6D-4A29-8F70-F1AAA9F26AEF}.Release|Mixed Platforms.ActiveCfg = Release|Win32
		{239BD2FB-EA6D-4A29-8F70-F1AAA9F26AEF}.Release|Mixed Platforms.Build.0 = Release|Win32
		{239BD2FB-EA6D-4A29-8F70-F1AAA9F26AEF}.Release|Win32.ActiveCfg = Release|Win32
		{239BD2FB-EA6D-4A29-8F70-F1AAA9F26AEF}.Release|Win32.Build.0 = Release|Win32
		{239BD2FB-EA6D-4A29-8F70-F1AAA9F26AEF}.Release|x64.ActiveCfg = Release|Win32
		{6B25C759-C7B1-4D0C-AC0D-6CB4FF26E7BA}.Debug|Any CPU.ActiveCfg = Debug|Any CPU
		{6B25C759-C7B1-4D0C-AC0D-6CB4FF26E7BA}.Debug|Any CPU.Build.0 = Debug|Any CPU
		{6B25C759-C7B1-4D0C-AC0D-6CB4FF26E7BA}.Debug|Mixed Platforms.ActiveCfg = Debug|Any CPU
		{6B25C759-C7B1-4D0C-AC0D-6CB4FF26E7BA}.Debug|Mixed Platforms.Build.0 = Debug|Any CPU
		{6B25C759-C7B1-4D0C-AC0D-6CB4FF26E7BA}.Debug|Win32.ActiveCfg = Debug|Any CPU
		{6B25C759-C7B1-4D0C-AC0D-6CB4FF26E7BA}.Debug|x64.ActiveCfg = Debug|Any CPU
		{6B25C759-C7B1-4D0C-AC0D-6CB4FF26E7BA}.Debug|x64.Build.0 = Debug|Any CPU
		{6B25C759-C7B1-4D0C-AC0D-6CB4FF26E7BA}.Release|Any CPU.ActiveCfg = Release|Any CPU
		{6B25C759-C7B1-4D0C-AC0D-6CB4FF26E7BA}.Release|Any CPU.Build.0 = Release|Any CPU
		{6B25C759-C7B1-4D0C-AC0D-6CB4FF26E7BA}.Release|Mixed Platforms.ActiveCfg = Release|Any CPU
		{6B25C759-C7B1-4D0C-AC0D-6CB4FF26E7BA}.Release|Mixed Platforms.Build.0 = Release|Any CPU
		{6B25C759-C7B1-4D0C-AC0D-6CB4FF26E7BA}.Release|Win32.ActiveCfg = Release|Any CPU
		{6B25C759-C7B1-4D0C-AC0D-6CB4FF26E7BA}.Release|x64.ActiveCfg = Release|Any CPU
		{6B25C759-C7B1-4D0C-AC0D-6CB4FF26E7BA}.Release|x64.Build.0 = Release|Any CPU
		{C6446588-8317-4F76-AEAA-791A807100C3}.Debug|Any CPU.ActiveCfg = Debug|Any CPU
		{C6446588-8317-4F76-AEAA-791A807100C3}.Debug|Any CPU.Build.0 = Debug|Any CPU
		{C6446588-8317-4F76-AEAA-791A807100C3}.Debug|Mixed Platforms.ActiveCfg = Debug|Any CPU
		{C6446588-8317-4F76-AEAA-791A807100C3}.Debug|Mixed Platforms.Build.0 = Debug|Any CPU
		{C6446588-8317-4F76-AEAA-791A807100C3}.Debug|Win32.ActiveCfg = Debug|Any CPU
		{C6446588-8317-4F76-AEAA-791A807100C3}.Debug|x64.ActiveCfg = Debug|Any CPU
		{C6446588-8317-4F76-AEAA-791A807100C3}.Debug|x64.Build.0 = Debug|Any CPU
		{C6446588-8317-4F76-AEAA-791A807100C3}.Release|Any CPU.ActiveCfg = Release|Any CPU
		{C6446588-8317-4F76-AEAA-791A807100C3}.Release|Any CPU.Build.0 = Release|Any CPU
		{C6446588-8317-4F76-AEAA-791A807100C3}.Release|Mixed Platforms.ActiveCfg = Release|Any CPU
		{C6446588-8317-4F76-AEAA-791A807100C3}.Release|Mixed Platforms.Build.0 = Release|Any CPU
		{C6446588-8317-4F76-AEAA-791A807100C3}.Release|Win32.ActiveCfg = Release|Any CPU
		{C6446588-8317-4F76-AEAA-791A807100C3}.Release|x64.ActiveCfg = Release|Any CPU
		{C6446588-8317-4F76-AEAA-791A807100C3}.Release|x64.Build.0 = Release|Any CPU
		{B389B731-3572-46B8-8D69-D07F8601747D}.Debug|Any CPU.ActiveCfg = Debug|Win32
		{B389B731-3572-46B8-8D69-D07F8601747D}.Debug|Mixed Platforms.ActiveCfg = Debug|Win32
		{B389B731-3572-46B8-8D69-D07F8601747D}.Debug|Mixed Platforms.Build.0 = Debug|Win32
		{B389B731-3572-46B8-8D69-D07F8601747D}.Debug|Win32.ActiveCfg = Debug|Win32
		{B389B731-3572-46B8-8D69-D07F8601747D}.Debug|Win32.Build.0 = Debug|Win32
		{B389B731-3572-46B8-8D69-D07F8601747D}.Debug|x64.ActiveCfg = Debug|Win32
		{B389B731-3572-46B8-8D69-D07F8601747D}.Release|Any CPU.ActiveCfg = Release|Win32
		{B389B731-3572-46B8-8D69-D07F8601747D}.Release|Mixed Platforms.ActiveCfg = Release|Win32
		{B389B731-3572-46B8-8D69-D07F8601747D}.Release|Mixed Platforms.Build.0 = Release|Win32
		{B389B731-3572-46B8-8D69-D07F8601747D}.Release|Win32.ActiveCfg = Release|Win32
		{B389B731-3572-46B8-8D69-D07F8601747D}.Release|Win32.Build.0 = Release|Win32
		{B389B731-3572-46B8-8D69-D07F8601747D}.Release|x64.ActiveCfg = Release|Win32
		{1B4F5ECC-E56A-44E1-98A0-3E975B87289B}.Debug|Any CPU.ActiveCfg = Debug|Any CPU
		{1B4F5ECC-E56A-44E1-98A0-3E975B87289B}.Debug|Any CPU.Build.0 = Debug|Any CPU
		{1B4F5ECC-E56A-44E1-98A0-3E975B87289B}.Debug|Mixed Platforms.ActiveCfg = Debug|Any CPU
		{1B4F5ECC-E56A-44E1-98A0-3E975B87289B}.Debug|Mixed Platforms.Build.0 = Debug|Any CPU
		{1B4F5ECC-E56A-44E1-98A0-3E975B87289B}.Debug|Win32.ActiveCfg = Debug|Any CPU
		{1B4F5ECC-E56A-44E1-98A0-3E975B87289B}.Debug|x64.ActiveCfg = Debug|Any CPU
		{1B4F5ECC-E56A-44E1-98A0-3E975B87289B}.Debug|x64.Build.0 = Debug|Any CPU
		{1B4F5ECC-E56A-44E1-98A0-3E975B87289B}.Release|Any CPU.ActiveCfg = Release|Any CPU
		{1B4F5ECC-E56A-44E1-98A0-3E975B87289B}.Release|Any CPU.Build.0 = Release|Any CPU
		{1B4F5ECC-E56A-44E1-98A0-3E975B87289B}.Release|Mixed Platforms.ActiveCfg = Release|Any CPU
		{1B4F5ECC-E56A-44E1-98A0-3E975B87289B}.Release|Mixed Platforms.Build.0 = Release|Any CPU
		{1B4F5ECC-E56A-44E1-98A0-3E975B87289B}.Release|Win32.ActiveCfg = Release|Any CPU
		{1B4F5ECC-E56A-44E1-98A0-3E975B87289B}.Release|x64.ActiveCfg = Release|Any CPU
		{1B4F5ECC-E56A-44E1-98A0-3E975B87289B}.Release|x64.Build.0 = Release|Any CPU
		{10CACB0D-DF92-4F63-A759-79D6FD9D3763}.Debug|Any CPU.ActiveCfg = Debug|Win32
		{10CACB0D-DF92-4F63-A759-79D6FD9D3763}.Debug|Mixed Platforms.ActiveCfg = Debug|Win32
		{10CACB0D-DF92-4F63-A759-79D6FD9D3763}.Debug|Mixed Platforms.Build.0 = Debug|Win32
		{10CACB0D-DF92-4F63-A759-79D6FD9D3763}.Debug|Win32.ActiveCfg = Debug|Win32
		{10CACB0D-DF92-4F63-A759-79D6FD9D3763}.Debug|Win32.Build.0 = Debug|Win32
		{10CACB0D-DF92-4F63-A759-79D6FD9D3763}.Debug|x64.ActiveCfg = Debug|Win32
		{10CACB0D-DF92-4F63-A759-79D6FD9D3763}.Release|Any CPU.ActiveCfg = Release|Win32
		{10CACB0D-DF92-4F63-A759-79D6FD9D3763}.Release|Mixed Platforms.ActiveCfg = Release|Win32
		{10CACB0D-DF92-4F63-A759-79D6FD9D3763}.Release|Mixed Platforms.Build.0 = Release|Win32
		{10CACB0D-DF92-4F63-A759-79D6FD9D3763}.Release|Win32.ActiveCfg = Release|Win32
		{10CACB0D-DF92-4F63-A759-79D6FD9D3763}.Release|Win32.Build.0 = Release|Win32
		{10CACB0D-DF92-4F63-A759-79D6FD9D3763}.Release|x64.ActiveCfg = Release|Win32
		{8E18C2DD-6F55-40D3-AFDC-545D092B9785}.Debug|Any CPU.ActiveCfg = Debug|Win32
		{8E18C2DD-6F55-40D3-AFDC-545D092B9785}.Debug|Mixed Platforms.ActiveCfg = Debug|Win32
		{8E18C2DD-6F55-40D3-AFDC-545D092B9785}.Debug|Mixed Platforms.Build.0 = Debug|Win32
		{8E18C2DD-6F55-40D3-AFDC-545D092B9785}.Debug|Win32.ActiveCfg = Debug|Win32
		{8E18C2DD-6F55-40D3-AFDC-545D092B9785}.Debug|Win32.Build.0 = Debug|Win32
		{8E18C2DD-6F55-40D3-AFDC-545D092B9785}.Debug|x64.ActiveCfg = Debug|Win32
		{8E18C2DD-6F55-40D3-AFDC-545D092B9785}.Release|Any CPU.ActiveCfg = Release|Win32
		{8E18C2DD-6F55-40D3-AFDC-545D092B9785}.Release|Mixed Platforms.ActiveCfg = Release|Win32
		{8E18C2DD-6F55-40D3-AFDC-545D092B9785}.Release|Mixed Platforms.Build.0 = Release|Win32
		{8E18C2DD-6F55-40D3-AFDC-545D092B9785}.Release|Win32.ActiveCfg = Release|Win32
		{8E18C2DD-6F55-40D3-AFDC-545D092B9785}.Release|Win32.Build.0 = Release|Win32
		{8E18C2DD-6F55-40D3-AFDC-545D092B9785}.Release|x64.ActiveCfg = Release|Win32
		{CB76FC9F-0F11-47EB-931D-C4C06C18928A}.Debug|Any CPU.ActiveCfg = Debug|Win32
		{CB76FC9F-0F11-47EB-931D-C4C06C18928A}.Debug|Mixed Platforms.ActiveCfg = Debug|Win32
		{CB76FC9F-0F11-47EB-931D-C4C06C18928A}.Debug|Mixed Platforms.Build.0 = Debug|Win32
		{CB76FC9F-0F11-47EB-931D-C4C06C18928A}.Debug|Win32.ActiveCfg = Debug|Win32
		{CB76FC9F-0F11-47EB-931D-C4C06C18928A}.Debug|Win32.Build.0 = Debug|Win32
		{CB76FC9F-0F11-47EB-931D-C4C06C18928A}.Debug|x64.ActiveCfg = Debug|Win32
		{CB76FC9F-0F11-47EB-931D-C4C06C18928A}.Release|Any CPU.ActiveCfg = Release|Win32
		{CB76FC9F-0F11-47EB-931D-C4C06C18928A}.Release|Mixed Platforms.ActiveCfg = Release|Win32
		{CB76FC9F-0F11-47EB-931D-C4C06C18928A}.Release|Mixed Platforms.Build.0 = Release|Win32
		{CB76FC9F-0F11-47EB-931D-C4C06C18928A}.Release|Win32.ActiveCfg = Release|Win32
		{CB76FC9F-0F11-47EB-931D-C4C06C18928A}.Release|Win32.Build.0 = Release|Win32
		{CB76FC9F-0F11-47EB-931D-C4C06C18928A}.Release|x64.ActiveCfg = Release|Win32
		{478847E6-ABD1-4877-8FF2-1A55D6140DFF}.Debug|Any CPU.ActiveCfg = Debug|Win32
		{478847E6-ABD1-4877-8FF2-1A55D6140DFF}.Debug|Mixed Platforms.ActiveCfg = Debug|Win32
		{478847E6-ABD1-4877-8FF2-1A55D6140DFF}.Debug|Mixed Platforms.Build.0 = Debug|Win32
		{478847E6-ABD1-4877-8FF2-1A55D6140DFF}.Debug|Win32.ActiveCfg = Debug|Win32
		{478847E6-ABD1-4877-8FF2-1A55D6140DFF}.Debug|Win32.Build.0 = Debug|Win32
		{478847E6-ABD1-4877-8FF2-1A55D6140DFF}.Debug|x64.ActiveCfg = Debug|Win32
		{478847E6-ABD1-4877-8FF2-1A55D6140DFF}.Release|Any CPU.ActiveCfg = Release|Win32
		{478847E6-ABD1-4877-8FF2-1A55D6140DFF}.Release|Mixed Platforms.ActiveCfg = Release|Win32
		{478847E6-ABD1-4877-8FF2-1A55D6140DFF}.Release|Mixed Platforms.Build.0 = Release|Win32
		{478847E6-ABD1-4877-8FF2-1A55D6140DFF}.Release|Win32.ActiveCfg = Release|Win32
		{478847E6-ABD1-4877-8FF2-1A55D6140DFF}.Release|Win32.Build.0 = Release|Win32
		{478847E6-ABD1-4877-8FF2-1A55D6140DFF}.Release|x64.ActiveCfg = Release|Win32
		{742DD7B2-5F0E-4D85-BC75-0979AAC462E6}.Debug|Any CPU.ActiveCfg = Debug|Win32
		{742DD7B2-5F0E-4D85-BC75-0979AAC462E6}.Debug|Mixed Platforms.ActiveCfg = Debug|Win32
		{742DD7B2-5F0E-4D85-BC75-0979AAC462E6}.Debug|Mixed Platforms.Build.0 = Debug|Win32
		{742DD7B2-5F0E-4D85-BC75-0979AAC462E6}.Debug|Win32.ActiveCfg = Debug|Win32
		{742DD7B2-5F0E-4D85-BC75-0979AAC462E6}.Debug|Win32.Build.0 = Debug|Win32
		{742DD7B2-5F0E-4D85-BC75-0979AAC462E6}.Debug|x64.ActiveCfg = Debug|Win32
		{742DD7B2-5F0E-4D85-BC75-0979AAC462E6}.Release|Any CPU.ActiveCfg = Release|Win32
		{742DD7B2-5F0E-4D85-BC75-0979AAC462E6}.Release|Mixed Platforms.ActiveCfg = Release|Win32
		{742DD7B2-5F0E-4D85-BC75-0979AAC462E6}.Release|Mixed Platforms.Build.0 = Release|Win32
		{742DD7B2-5F0E-4D85-BC75-0979AAC462E6}.Release|Win32.ActiveCfg = Release|Win32
		{742DD7B2-5F0E-4D85-BC75-0979AAC462E6}.Release|Win32.Build.0 = Release|Win32
		{742DD7B2-5F0E-4D85-BC75-0979AAC462E6}.Release|x64.ActiveCfg = Release|Win32
		{747AA581-7E3F-4A82-8E89-64C1C70C2302}.Debug|Any CPU.ActiveCfg = Debug|Win32
		{747AA581-7E3F-4A82-8E89-64C1C70C2302}.Debug|Mixed Platforms.ActiveCfg = Debug|Win32
		{747AA581-7E3F-4A82-8E89-64C1C70C2302}.Debug|Mixed Platforms.Build.0 = Debug|Win32
		{747AA581-7E3F-4A82-8E89-64C1C70C2302}.Debug|Win32.ActiveCfg = Debug|Win32
		{747AA581-7E3F-4A82-8E89-64C1C70C2302}.Debug|Win32.Build.0 = Debug|Win32
		{747AA581-7E3F-4A82-8E89-64C1C70C2302}.Debug|x64.ActiveCfg = Debug|Win32
		{747AA581-7E3F-4A82-8E89-64C1C70C2302}.Release|Any CPU.ActiveCfg = Release|Win32
		{747AA581-7E3F-4A82-8E89-64C1C70C2302}.Release|Mixed Platforms.ActiveCfg = Release|Win32
		{747AA581-7E3F-4A82-8E89-64C1C70C2302}.Release|Mixed Platforms.Build.0 = Release|Win32
		{747AA581-7E3F-4A82-8E89-64C1C70C2302}.Release|Win32.ActiveCfg = Release|Win32
		{747AA581-7E3F-4A82-8E89-64C1C70C2302}.Release|Win32.Build.0 = Release|Win32
		{747AA581-7E3F-4A82-8E89-64C1C70C2302}.Release|x64.ActiveCfg = Release|Win32
		{1B03BA92-144F-45DB-8B73-13CD0B331659}.Debug|Any CPU.ActiveCfg = Debug|Win32
		{1B03BA92-144F-45DB-8B73-13CD0B331659}.Debug|Mixed Platforms.ActiveCfg = Debug|Win32
		{1B03BA92-144F-45DB-8B73-13CD0B331659}.Debug|Mixed Platforms.Build.0 = Debug|Win32
		{1B03BA92-144F-45DB-8B73-13CD0B331659}.Debug|Win32.ActiveCfg = Debug|Win32
		{1B03BA92-144F-45DB-8B73-13CD0B331659}.Debug|Win32.Build.0 = Debug|Win32
		{1B03BA92-144F-45DB-8B73-13CD0B331659}.Debug|x64.ActiveCfg = Debug|Win32
		{1B03BA92-144F-45DB-8B73-13CD0B331659}.Release|Any CPU.ActiveCfg = Release|Win32
		{1B03BA92-144F-45DB-8B73-13CD0B331659}.Release|Mixed Platforms.ActiveCfg = Release|Win32
		{1B03BA92-144F-45DB-8B73-13CD0B331659}.Release|Mixed Platforms.Build.0 = Release|Win32
		{1B03BA92-144F-45DB-8B73-13CD0B331659}.Release|Win32.ActiveCfg = Release|Win32
		{1B03BA92-144F-45DB-8B73-13CD0B331659}.Release|Win32.Build.0 = Release|Win32
		{1B03BA92-144F-45DB-8B73-13CD0B331659}.Release|x64.ActiveCfg = Release|Win32
		{3C7AC5E6-61AA-4817-93E2-5F6CAFC41262}.Debug|Any CPU.ActiveCfg = Debug|Win32
		{3C7AC5E6-61AA-4817-93E2-5F6CAFC41262}.Debug|Mixed Platforms.ActiveCfg = Debug|Win32
		{3C7AC5E6-61AA-4817-93E2-5F6CAFC41262}.Debug|Mixed Platforms.Build.0 = Debug|Win32
		{3C7AC5E6-61AA-4817-93E2-5F6CAFC41262}.Debug|Win32.ActiveCfg = Debug|Win32
		{3C7AC5E6-61AA-4817-93E2-5F6CAFC41262}.Debug|Win32.Build.0 = Debug|Win32
		{3C7AC5E6-61AA-4817-93E2-5F6CAFC41262}.Debug|x64.ActiveCfg = Debug|Win32
		{3C7AC5E6-61AA-4817-93E2-5F6CAFC41262}.Release|Any CPU.ActiveCfg = Release|Win32
		{3C7AC5E6-61AA-4817-93E2-5F6CAFC41262}.Release|Mixed Platforms.ActiveCfg = Release|Win32
		{3C7AC5E6-61AA-4817-93E2-5F6CAFC41262}.Release|Mixed Platforms.Build.0 = Release|Win32
		{3C7AC5E6-61AA-4817-93E2-5F6CAFC41262}.Release|Win32.ActiveCfg = Release|Win32
		{3C7AC5E6-61AA-4817-93E2-5F6CAFC41262}.Release|Win32.Build.0 = Release|Win32
		{3C7AC5E6-61AA-4817-93E2-5F6CAFC41262}.Release|x64.ActiveCfg = Release|Win32
		{EBD3B030-432A-4871-B858-079E00B4E2CA}.Debug|Any CPU.ActiveCfg = Debug|Win32
		{EBD3B030-432A-4871-B858-079E00B4E2CA}.Debug|Mixed Platforms.ActiveCfg = Debug|Win32
		{EBD3B030-432A-4871-B858-079E00B4E2CA}.Debug|Mixed Platforms.Build.0 = Debug|Win32
		{EBD3B030-432A-4871-B858-079E00B4E2CA}.Debug|Win32.ActiveCfg = Debug|Win32
		{EBD3B030-432A-4871-B858-079E00B4E2CA}.Debug|Win32.Build.0 = Debug|Win32
		{EBD3B030-432A-4871-B858-079E00B4E2CA}.Debug|x64.ActiveCfg = Debug|Win32
		{EBD3B030-432A-4871-B858-079E00B4E2CA}.Release|Any CPU.ActiveCfg = Release|Win32
		{EBD3B030-432A-4871-B858-079E00B4E2CA}.Release|Mixed Platforms.ActiveCfg = Release|Win32
		{EBD3B030-432A-4871-B858-079E00B4E2CA}.Release|Mixed Platforms.Build.0 = Release|Win32
		{EBD3B030-432A-4871-B858-079E00B4E2CA}.Release|Win32.ActiveCfg = Release|Win32
		{EBD3B030-432A-4871-B858-079E00B4E2CA}.Release|Win32.Build.0 = Release|Win32
		{EBD3B030-432A-4871-B858-079E00B4E2CA}.Release|x64.ActiveCfg = Release|Win32
		{00F5CE67-BE78-4EED-86CA-4C8864A2AEAB}.Debug|Any CPU.ActiveCfg = Debug|Win32
		{00F5CE67-BE78-4EED-86CA-4C8864A2AEAB}.Debug|Mixed Platforms.ActiveCfg = Debug|Win32
		{00F5CE67-BE78-4EED-86CA-4C8864A2AEAB}.Debug|Mixed Platforms.Build.0 = Debug|Win32
		{00F5CE67-BE78-4EED-86CA-4C8864A2AEAB}.Debug|Win32.ActiveCfg = Debug|Win32
		{00F5CE67-BE78-4EED-86CA-4C8864A2AEAB}.Debug|Win32.Build.0 = Debug|Win32
		{00F5CE67-BE78-4EED-86CA-4C8864A2AEAB}.Debug|x64.ActiveCfg = Debug|Win32
		{00F5CE67-BE78-4EED-86CA-4C8864A2AEAB}.Release|Any CPU.ActiveCfg = Release|Win32
		{00F5CE67-BE78-4EED-86CA-4C8864A2AEAB}.Release|Mixed Platforms.ActiveCfg = Release|Win32
		{00F5CE67-BE78-4EED-86CA-4C8864A2AEAB}.Release|Mixed Platforms.Build.0 = Release|Win32
		{00F5CE67-BE78-4EED-86CA-4C8864A2AEAB}.Release|Win32.ActiveCfg = Release|Win32
		{00F5CE67-BE78-4EED-86CA-4C8864A2AEAB}.Release|Win32.Build.0 = Release|Win32
		{00F5CE67-BE78-4EED-86CA-4C8864A2AEAB}.Release|x64.ActiveCfg = Release|Win32
		{327FCFC4-3150-4D00-A51D-D3A2506E5C13}.Debug|Any CPU.ActiveCfg = Debug|Win32
		{327FCFC4-3150-4D00-A51D-D3A2506E5C13}.Debug|Mixed Platforms.ActiveCfg = Debug|Win32
		{327FCFC4-3150-4D00-A51D-D3A2506E5C13}.Debug|Mixed Platforms.Build.0 = Debug|Win32
		{327FCFC4-3150-4D00-A51D-D3A2506E5C13}.Debug|Win32.ActiveCfg = Debug|Win32
		{327FCFC4-3150-4D00-A51D-D3A2506E5C13}.Debug|Win32.Build.0 = Debug|Win32
		{327FCFC4-3150-4D00-A51D-D3A2506E5C13}.Debug|x64.ActiveCfg = Debug|Win32
		{327FCFC4-3150-4D00-A51D-D3A2506E5C13}.Release|Any CPU.ActiveCfg = Release|Win32
		{327FCFC4-3150-4D00-A51D-D3A2506E5C13}.Release|Mixed Platforms.ActiveCfg = Release|Win32
		{327FCFC4-3150-4D00-A51D-D3A2506E5C13}.Release|Mixed Platforms.Build.0 = Release|Win32
		{327FCFC4-3150-4D00-A51D-D3A2506E5C13}.Release|Win32.ActiveCfg = Release|Win32
		{327FCFC4-3150-4D00-A51D-D3A2506E5C13}.Release|Win32.Build.0 = Release|Win32
		{327FCFC4-3150-4D00-A51D-D3A2506E5C13}.Release|x64.ActiveCfg = Release|Win32
		{3A5C98B4-7719-46C5-90CA-B4CA7C6F8C05}.Debug|Any CPU.ActiveCfg = Debug|Win32
		{3A5C98B4-7719-46C5-90CA-B4CA7C6F8C05}.Debug|Mixed Platforms.ActiveCfg = Debug|Win32
		{3A5C98B4-7719-46C5-90CA-B4CA7C6F8C05}.Debug|Mixed Platforms.Build.0 = Debug|Win32
		{3A5C98B4-7719-46C5-90CA-B4CA7C6F8C05}.Debug|Win32.ActiveCfg = Debug|Win32
		{3A5C98B4-7719-46C5-90CA-B4CA7C6F8C05}.Debug|Win32.Build.0 = Debug|Win32
		{3A5C98B4-7719-46C5-90CA-B4CA7C6F8C05}.Debug|x64.ActiveCfg = Debug|Win32
		{3A5C98B4-7719-46C5-90CA-B4CA7C6F8C05}.Release|Any CPU.ActiveCfg = Release|Win32
		{3A5C98B4-7719-46C5-90CA-B4CA7C6F8C05}.Release|Mixed Platforms.ActiveCfg = Release|Win32
		{3A5C98B4-7719-46C5-90CA-B4CA7C6F8C05}.Release|Mixed Platforms.Build.0 = Release|Win32
		{3A5C98B4-7719-46C5-90CA-B4CA7C6F8C05}.Release|Win32.ActiveCfg = Release|Win32
		{3A5C98B4-7719-46C5-90CA-B4CA7C6F8C05}.Release|Win32.Build.0 = Release|Win32
		{3A5C98B4-7719-46C5-90CA-B4CA7C6F8C05}.Release|x64.ActiveCfg = Release|Win32
		{5BC4C52D-6A32-42A1-A7B9-CBCD9635AC23}.Debug|Any CPU.ActiveCfg = Debug|Any CPU
		{5BC4C52D-6A32-42A1-A7B9-CBCD9635AC23}.Debug|Any CPU.Build.0 = Debug|Any CPU
		{5BC4C52D-6A32-42A1-A7B9-CBCD9635AC23}.Debug|Mixed Platforms.ActiveCfg = Debug|Any CPU
		{5BC4C52D-6A32-42A1-A7B9-CBCD9635AC23}.Debug|Mixed Platforms.Build.0 = Debug|Any CPU
		{5BC4C52D-6A32-42A1-A7B9-CBCD9635AC23}.Debug|Win32.ActiveCfg = Debug|Any CPU
		{5BC4C52D-6A32-42A1-A7B9-CBCD9635AC23}.Debug|Win32.Build.0 = Debug|Any CPU
		{5BC4C52D-6A32-42A1-A7B9-CBCD9635AC23}.Debug|x64.ActiveCfg = Debug|Any CPU
		{5BC4C52D-6A32-42A1-A7B9-CBCD9635AC23}.Debug|x64.Build.0 = Debug|Any CPU
		{5BC4C52D-6A32-42A1-A7B9-CBCD9635AC23}.Release|Any CPU.ActiveCfg = Release|Any CPU
		{5BC4C52D-6A32-42A1-A7B9-CBCD9635AC23}.Release|Any CPU.Build.0 = Release|Any CPU
		{5BC4C52D-6A32-42A1-A7B9-CBCD9635AC23}.Release|Mixed Platforms.ActiveCfg = Release|Any CPU
		{5BC4C52D-6A32-42A1-A7B9-CBCD9635AC23}.Release|Mixed Platforms.Build.0 = Release|Any CPU
		{5BC4C52D-6A32-42A1-A7B9-CBCD9635AC23}.Release|Win32.ActiveCfg = Release|Any CPU
		{5BC4C52D-6A32-42A1-A7B9-CBCD9635AC23}.Release|Win32.Build.0 = Release|Any CPU
		{5BC4C52D-6A32-42A1-A7B9-CBCD9635AC23}.Release|x64.ActiveCfg = Release|Any CPU
		{5BC4C52D-6A32-42A1-A7B9-CBCD9635AC23}.Release|x64.Build.0 = Release|Any CPU
		{38F68E3A-908C-4F9B-8602-CF1659C41BB3}.Debug|Any CPU.ActiveCfg = Debug|Any CPU
		{38F68E3A-908C-4F9B-8602-CF1659C41BB3}.Debug|Any CPU.Build.0 = Debug|Any CPU
		{38F68E3A-908C-4F9B-8602-CF1659C41BB3}.Debug|Mixed Platforms.ActiveCfg = Debug|Any CPU
		{38F68E3A-908C-4F9B-8602-CF1659C41BB3}.Debug|Mixed Platforms.Build.0 = Debug|Any CPU
		{38F68E3A-908C-4F9B-8602-CF1659C41BB3}.Debug|Win32.ActiveCfg = Debug|Any CPU
		{38F68E3A-908C-4F9B-8602-CF1659C41BB3}.Debug|Win32.Build.0 = Debug|Any CPU
		{38F68E3A-908C-4F9B-8602-CF1659C41BB3}.Debug|x64.ActiveCfg = Debug|Any CPU
		{38F68E3A-908C-4F9B-8602-CF1659C41BB3}.Debug|x64.Build.0 = Debug|Any CPU
		{38F68E3A-908C-4F9B-8602-CF1659C41BB3}.Release|Any CPU.ActiveCfg = Release|Any CPU
		{38F68E3A-908C-4F9B-8602-CF1659C41BB3}.Release|Any CPU.Build.0 = Release|Any CPU
		{38F68E3A-908C-4F9B-8602-CF1659C41BB3}.Release|Mixed Platforms.ActiveCfg = Release|Any CPU
		{38F68E3A-908C-4F9B-8602-CF1659C41BB3}.Release|Mixed Platforms.Build.0 = Release|Any CPU
		{38F68E3A-908C-4F9B-8602-CF1659C41BB3}.Release|Win32.ActiveCfg = Release|Any CPU
		{38F68E3A-908C-4F9B-8602-CF1659C41BB3}.Release|Win32.Build.0 = Release|Any CPU
		{38F68E3A-908C-4F9B-8602-CF1659C41BB3}.Release|x64.ActiveCfg = Release|Any CPU
		{38F68E3A-908C-4F9B-8602-CF1659C41BB3}.Release|x64.Build.0 = Release|Any CPU
		{D53CAEBA-1505-4523-AB99-C7382B1E686D}.Debug|Any CPU.ActiveCfg = Debug|Win32
		{D53CAEBA-1505-4523-AB99-C7382B1E686D}.Debug|Mixed Platforms.ActiveCfg = Debug|Win32
		{D53CAEBA-1505-4523-AB99-C7382B1E686D}.Debug|Mixed Platforms.Build.0 = Debug|Win32
		{D53CAEBA-1505-4523-AB99-C7382B1E686D}.Debug|Win32.ActiveCfg = Debug|Win32
		{D53CAEBA-1505-4523-AB99-C7382B1E686D}.Debug|Win32.Build.0 = Debug|Win32
		{D53CAEBA-1505-4523-AB99-C7382B1E686D}.Debug|x64.ActiveCfg = Debug|x64
		{D53CAEBA-1505-4523-AB99-C7382B1E686D}.Debug|x64.Build.0 = Debug|x64
		{D53CAEBA-1505-4523-AB99-C7382B1E686D}.Release|Any CPU.ActiveCfg = Release|Win32
		{D53CAEBA-1505-4523-AB99-C7382B1E686D}.Release|Mixed Platforms.ActiveCfg = Release|Win32
		{D53CAEBA-1505-4523-AB99-C7382B1E686D}.Release|Mixed Platforms.Build.0 = Release|Win32
		{D53CAEBA-1505-4523-AB99-C7382B1E686D}.Release|Win32.ActiveCfg = Release|Win32
		{D53CAEBA-1505-4523-AB99-C7382B1E686D}.Release|Win32.Build.0 = Release|Win32
		{D53CAEBA-1505-4523-AB99-C7382B1E686D}.Release|x64.ActiveCfg = Release|x64
		{D53CAEBA-1505-4523-AB99-C7382B1E686D}.Release|x64.Build.0 = Release|x64
	EndGlobalSection
	GlobalSection(SolutionProperties) = preSolution
		HideSolutionNode = FALSE
	EndGlobalSection
EndGlobal
